{
  "name": "snake",
  "version": "1.0.0",
  "lockfileVersion": 1,
  "requires": true,
  "dependencies": {
    "livereload-js": {
      "version": "2.3.0",
      "resolved": "https://registry.npmjs.org/livereload-js/-/livereload-js-2.3.0.tgz",
      "integrity": "sha1-w6si6Kr1vzUF2A0JjLrWdyZUjJo="
    },
    "mustache": {
      "version": "2.3.0",
      "resolved": "https://registry.npmjs.org/mustache/-/mustache-2.3.0.tgz",
      "integrity": "sha1-QCj3d4sXcIpImTCm5SrDvKDaQdA="
    }
  }
}
